
Microsoft Visual Studio Solution File, Format Version 12.00
# Visual Studio Version 17
VisualStudioVersion = 17.3.32825.248
MinimumVisualStudioVersion = 10.0.40219.1
Project("{FAE04EC0-301F-11D3-BF4B-00C04F79EFBC}") = "MyWallWebApi", "MyWallWebApi\MyWallWebApi.csproj", "{DDFE1988-DFFE-4B13-9656-77335BC73EA2}"
EndProject
Global
	GlobalSection(SolutionConfigurationPlatforms) = preSolution
		Debug|Any CPU = Debug|Any CPU
		Release|Any CPU = Release|Any CPU
	EndGlobalSection
	GlobalSection(ProjectConfigurationPlatforms) = postSolution
		{DDFE1988-DFFE-4B13-9656-77335BC73EA2}.Debug|Any CPU.ActiveCfg = Debug|Any CPU
		{DDFE1988-DFFE-4B13-9656-77335BC73EA2}.Debug|Any CPU.Build.0 = Debug|Any CPU
		{DDFE1988-DFFE-4B13-9656-77335BC73EA2}.Release|Any CPU.ActiveCfg = Release|Any CPU
		{DDFE1988-DFFE-4B13-9656-77335BC73EA2}.Release|Any CPU.Build.0 = Release|Any CPU
	EndGlobalSection
	GlobalSection(SolutionProperties) = preSolution
		HideSolutionNode = FALSE
	EndGlobalSection
	GlobalSection(ExtensibilityGlobals) = postSolution
		SolutionGuid = {B5DE5646-69E3-4B76-88BD-8A2329286268}
	EndGlobalSection
EndGlobal
